// !$*UTF8*$!
{
	archiveVersion = 1;
	classes = {
	};
	objectVersion = 50;
	objects = {

/* Begin PBXBuildFile section */
		EF9AD0442D369A3700178F0C /* EditView.swift in Sources */ = {isa = PBXBuildFile; fileRef = EF9AD0432D369A3700178F0C /* EditView.swift */; };
		EFA1C8132D2EF1A700A091C4 /* M08_UF1_PR01_Tiago_Navaro_Sergi_Saravia_Learn4_App.swift in Sources */ = {isa = PBXBuildFile; fileRef = EFA1C8122D2EF1A700A091C4 /* M08_UF1_PR01_Tiago_Navaro_Sergi_Saravia_Learn4_App.swift */; };
		EFA1C8152D2EF1A700A091C4 /* ContentView.swift in Sources */ = {isa = PBXBuildFile; fileRef = EFA1C8142D2EF1A700A091C4 /* ContentView.swift */; };
		EFA1C8172D2EF1A900A091C4 /* Assets.xcassets in Resources */ = {isa = PBXBuildFile; fileRef = EFA1C8162D2EF1A900A091C4 /* Assets.xcassets */; };
		EFA1C81A2D2EF1A900A091C4 /* Preview Assets.xcassets in Resources */ = {isa = PBXBuildFile; fileRef = EFA1C8192D2EF1A900A091C4 /* Preview Assets.xcassets */; };
		EFA1C8242D2EF39200A091C4 /* Trivia.swift in Sources */ = {isa = PBXBuildFile; fileRef = EFA1C8232D2EF39200A091C4 /* Trivia.swift */; };
		EFA1C82D2D2EF87D00A091C4 /* TriviaManager.swift in Sources */ = {isa = PBXBuildFile; fileRef = EFA1C82C2D2EF87D00A091C4 /* TriviaManager.swift */; };
		EFC46F0B2D355CBC00705EA6 /* TriviaRow.swift in Sources */ = {isa = PBXBuildFile; fileRef = EFC46F0A2D355CBC00705EA6 /* TriviaRow.swift */; };
		EFE01EA22D367582002E4392 /* RandomQuestionView.swift in Sources */ = {isa = PBXBuildFile; fileRef = EFE01EA12D367582002E4392 /* RandomQuestionView.swift */; };
/* End PBXBuildFile section */

/* Begin PBXFileReference section */
		EF9AD0432D369A3700178F0C /* EditView.swift */ = {isa = PBXFileReference; lastKnownFileType = sourcecode.swift; path = EditView.swift; sourceTree = "<group>"; };
		EFA1C80F2D2EF1A700A091C4 /* M08_UF1_PR01_Tiago_Navaro_Sergi_Saravia_Learn4=.app */ = {isa = PBXFileReference; explicitFileType = wrapper.application; includeInIndex = 0; path = "M08_UF1_PR01_Tiago_Navaro_Sergi_Saravia_Learn4=.app"; sourceTree = BUILT_PRODUCTS_DIR; };
		EFA1C8122D2EF1A700A091C4 /* M08_UF1_PR01_Tiago_Navaro_Sergi_Saravia_Learn4_App.swift */ = {isa = PBXFileReference; lastKnownFileType = sourcecode.swift; path = M08_UF1_PR01_Tiago_Navaro_Sergi_Saravia_Learn4_App.swift; sourceTree = "<group>"; };
		EFA1C8142D2EF1A700A091C4 /* ContentView.swift */ = {isa = PBXFileReference; lastKnownFileType = sourcecode.swift; path = ContentView.swift; sourceTree = "<group>"; };
		EFA1C8162D2EF1A900A091C4 /* Assets.xcassets */ = {isa = PBXFileReference; lastKnownFileType = folder.assetcatalog; path = Assets.xcassets; sourceTree = "<group>"; };
		EFA1C8192D2EF1A900A091C4 /* Preview Assets.xcassets */ = {isa = PBXFileReference; lastKnownFileType = folder.assetcatalog; path = "Preview Assets.xcassets"; sourceTree = "<group>"; };
		EFA1C81B2D2EF1A900A091C4 /* Info.plist */ = {isa = PBXFileReference; lastKnownFileType = text.plist.xml; path = Info.plist; sourceTree = "<group>"; };
		EFA1C8232D2EF39200A091C4 /* Trivia.swift */ = {isa = PBXFileReference; lastKnownFileType = sourcecode.swift; path = Trivia.swift; sourceTree = "<group>"; };
		EFA1C82C2D2EF87D00A091C4 /* TriviaManager.swift */ = {isa = PBXFileReference; lastKnownFileType = sourcecode.swift; path = TriviaManager.swift; sourceTree = "<group>"; };
		EFC46F0A2D355CBC00705EA6 /* TriviaRow.swift */ = {isa = PBXFileReference; lastKnownFileType = sourcecode.swift; path = TriviaRow.swift; sourceTree = "<group>"; };
		EFE01EA12D367582002E4392 /* RandomQuestionView.swift */ = {isa = PBXFileReference; lastKnownFileType = sourcecode.swift; path = RandomQuestionView.swift; sourceTree = "<group>"; };
/* End PBXFileReference section */

/* Begin PBXFrameworksBuildPhase section */
		EFA1C80C2D2EF1A700A091C4 /* Frameworks */ = {
			isa = PBXFrameworksBuildPhase;
			buildActionMask = 2147483647;
			files = (
			);
			runOnlyForDeploymentPostprocessing = 0;
		};
/* End PBXFrameworksBuildPhase section */

/* Begin PBXGroup section */
		EFA1C8062D2EF1A700A091C4 = {
			isa = PBXGroup;
			children = (
				EFA1C8112D2EF1A700A091C4 /* M08_UF1_PR01_Tiago_Navaro_Sergi_Saravia_Learn4= */,
				EFA1C8102D2EF1A700A091C4 /* Products */,
			);
			sourceTree = "<group>";
		};
		EFA1C8102D2EF1A700A091C4 /* Products */ = {
			isa = PBXGroup;
			children = (
				EFA1C80F2D2EF1A700A091C4 /* M08_UF1_PR01_Tiago_Navaro_Sergi_Saravia_Learn4=.app */,
			);
			name = Products;
			sourceTree = "<group>";
		};
		EFA1C8112D2EF1A700A091C4 /* M08_UF1_PR01_Tiago_Navaro_Sergi_Saravia_Learn4= */ = {
			isa = PBXGroup;
			children = (
				EFC46F092D355CA000705EA6 /* View */,
				EFA1C8272D2EF4D200A091C4 /* ViewModel */,
				EFA1C8222D2EF32A00A091C4 /* Model */,
				EFA1C8162D2EF1A900A091C4 /* Assets.xcassets */,
				EFA1C81B2D2EF1A900A091C4 /* Info.plist */,
				EFA1C8182D2EF1A900A091C4 /* Preview Content */,
			);
			path = "M08_UF1_PR01_Tiago_Navaro_Sergi_Saravia_Learn4=";
			sourceTree = "<group>";
		};
		EFA1C8182D2EF1A900A091C4 /* Preview Content */ = {
			isa = PBXGroup;
			children = (
				EFA1C8192D2EF1A900A091C4 /* Preview Assets.xcassets */,
			);
			path = "Preview Content";
			sourceTree = "<group>";
		};
		EFA1C8222D2EF32A00A091C4 /* Model */ = {
			isa = PBXGroup;
			children = (
				EFA1C8232D2EF39200A091C4 /* Trivia.swift */,
			);
			path = Model;
			sourceTree = "<group>";
		};
		EFA1C8272D2EF4D200A091C4 /* ViewModel */ = {
			isa = PBXGroup;
			children = (
				EFA1C82C2D2EF87D00A091C4 /* TriviaManager.swift */,
			);
			path = ViewModel;
			sourceTree = "<group>";
		};
		EFC46F092D355CA000705EA6 /* View */ = {
			isa = PBXGroup;
			children = (
				EFA1C8142D2EF1A700A091C4 /* ContentView.swift */,
				EFA1C8122D2EF1A700A091C4 /* M08_UF1_PR01_Tiago_Navaro_Sergi_Saravia_Learn4_App.swift */,
				EFC46F0A2D355CBC00705EA6 /* TriviaRow.swift */,
				EFE01EA12D367582002E4392 /* RandomQuestionView.swift */,
				EF9AD0432D369A3700178F0C /* EditView.swift */,
			);
			path = View;
			sourceTree = "<group>";
		};
/* End PBXGroup section */

/* Begin PBXNativeTarget section */
		EFA1C80E2D2EF1A700A091C4 /* M08_UF1_PR01_Tiago_Navaro_Sergi_Saravia_Learn4= */ = {
			isa = PBXNativeTarget;
			buildConfigurationList = EFA1C81E2D2EF1A900A091C4 /* Build configuration list for PBXNativeTarget "M08_UF1_PR01_Tiago_Navaro_Sergi_Saravia_Learn4=" */;
			buildPhases = (
				EFA1C80B2D2EF1A700A091C4 /* Sources */,
				EFA1C80C2D2EF1A700A091C4 /* Frameworks */,
				EFA1C80D2D2EF1A700A091C4 /* Resources */,
			);
			buildRules = (
			);
			dependencies = (
			);
			name = "M08_UF1_PR01_Tiago_Navaro_Sergi_Saravia_Learn4=";
			productName = "M08_UF1_PR01_Tiago_Navaro_Sergi_Saravia_Learn4=";
			productReference = EFA1C80F2D2EF1A700A091C4 /* M08_UF1_PR01_Tiago_Navaro_Sergi_Saravia_Learn4=.app */;
			productType = "com.apple.product-type.application";
		};
/* End PBXNativeTarget section */

/* Begin PBXProject section */
		EFA1C8072D2EF1A700A091C4 /* Project object */ = {
			isa = PBXProject;
			attributes = {
				LastSwiftUpdateCheck = 1240;
				LastUpgradeCheck = 1240;
				TargetAttributes = {
					EFA1C80E2D2EF1A700A091C4 = {
						CreatedOnToolsVersion = 12.4;
					};
				};
			};
			buildConfigurationList = EFA1C80A2D2EF1A700A091C4 /* Build configuration list for PBXProject "M08_UF1_PR01_Tiago_Navaro_Sergi_Saravia_Learn4=" */;
			compatibilityVersion = "Xcode 9.3";
			developmentRegion = en;
			hasScannedForEncodings = 0;
			knownRegions = (
				en,
				Base,
			);
			mainGroup = EFA1C8062D2EF1A700A091C4;
			productRefGroup = EFA1C8102D2EF1A700A091C4 /* Products */;
			projectDirPath = "";
			projectRoot = "";
			targets = (
				EFA1C80E2D2EF1A700A091C4 /* M08_UF1_PR01_Tiago_Navaro_Sergi_Saravia_Learn4= */,
			);
		};
/* End PBXProject section */

/* Begin PBXResourcesBuildPhase section */
		EFA1C80D2D2EF1A700A091C4 /* Resources */ = {
			isa = PBXResourcesBuildPhase;
			buildActionMask = 2147483647;
			files = (
				EFA1C81A2D2EF1A900A091C4 /* Preview Assets.xcassets in Resources */,
				EFA1C8172D2EF1A900A091C4 /* Assets.xcassets in Resources */,
			);
			runOnlyForDeploymentPostprocessing = 0;
		};
/* End PBXResourcesBuildPhase section */

/* Begin PBXSourcesBuildPhase section */
		EFA1C80B2D2EF1A700A091C4 /* Sources */ = {
			isa = PBXSourcesBuildPhase;
			buildActionMask = 2147483647;
			files = (
				EFA1C8152D2EF1A700A091C4 /* ContentView.swift in Sources */,
				EFE01EA22D367582002E4392 /* RandomQuestionView.swift in Sources */,
				EFA1C8242D2EF39200A091C4 /* Trivia.swift in Sources */,
				EFA1C8132D2EF1A700A091C4 /* M08_UF1_PR01_Tiago_Navaro_Sergi_Saravia_Learn4_App.swift in Sources */,
				EF9AD0442D369A3700178F0C /* EditView.swift in Sources */,
				EFC46F0B2D355CBC00705EA6 /* TriviaRow.swift in Sources */,
				EFA1C82D2D2EF87D00A091C4 /* TriviaManager.swift in Sources */,
			);
			runOnlyForDeploymentPostprocessing = 0;
		};
/* End PBXSourcesBuildPhase section */

/* Begin XCBuildConfiguration section */
		EFA1C81C2D2EF1A900A091C4 /* Debug */ = {
			isa = XCBuildConfiguration;
			buildSettings = {
				ALWAYS_SEARCH_USER_PATHS = NO;
				CLANG_ANALYZER_NONNULL = YES;
				CLANG_ANALYZER_NUMBER_OBJECT_CONVERSION = YES_AGGRESSIVE;
				CLANG_CXX_LANGUAGE_STANDARD = "gnu++14";
				CLANG_CXX_LIBRARY = "libc++";
				CLANG_ENABLE_MODULES = YES;
				CLANG_ENABLE_OBJC_ARC = YES;
				CLANG_ENABLE_OBJC_WEAK = YES;
				CLANG_WARN_BLOCK_CAPTURE_AUTORELEASING = YES;
				CLANG_WARN_BOOL_CONVERSION = YES;
				CLANG_WARN_COMMA = YES;
				CLANG_WARN_CONSTANT_CONVERSION = YES;
				CLANG_WARN_DEPRECATED_OBJC_IMPLEMENTATIONS = YES;
				CLANG_WARN_DIRECT_OBJC_ISA_USAGE = YES_ERROR;
				CLANG_WARN_DOCUMENTATION_COMMENTS = YES;
				CLANG_WARN_EMPTY_BODY = YES;
				CLANG_WARN_ENUM_CONVERSION = YES;
				CLANG_WARN_INFINITE_RECURSION = YES;
				CLANG_WARN_INT_CONVERSION = YES;
				CLANG_WARN_NON_LITERAL_NULL_CONVERSION = YES;
				CLANG_WARN_OBJC_IMPLICIT_RETAIN_SELF = YES;
				CLANG_WARN_OBJC_LITERAL_CONVERSION = YES;
				CLANG_WARN_OBJC_ROOT_CLASS = YES_ERROR;
				CLANG_WARN_QUOTED_INCLUDE_IN_FRAMEWORK_HEADER = YES;
				CLANG_WARN_RANGE_LOOP_ANALYSIS = YES;
				CLANG_WARN_STRICT_PROTOTYPES = YES;
				CLANG_WARN_SUSPICIOUS_MOVE = YES;
				CLANG_WARN_UNGUARDED_AVAILABILITY = YES_AGGRESSIVE;
				CLANG_WARN_UNREACHABLE_CODE = YES;
				CLANG_WARN__DUPLICATE_METHOD_MATCH = YES;
				COPY_PHASE_STRIP = NO;
				DEBUG_INFORMATION_FORMAT = dwarf;
				ENABLE_STRICT_OBJC_MSGSEND = YES;
				ENABLE_TESTABILITY = YES;
				GCC_C_LANGUAGE_STANDARD = gnu11;
				GCC_DYNAMIC_NO_PIC = NO;
				GCC_NO_COMMON_BLOCKS = YES;
				GCC_OPTIMIZATION_LEVEL = 0;
				GCC_PREPROCESSOR_DEFINITIONS = (
					"DEBUG=1",
					"$(inherited)",
				);
				GCC_WARN_64_TO_32_BIT_CONVERSION = YES;
				GCC_WARN_ABOUT_RETURN_TYPE = YES_ERROR;
				GCC_WARN_UNDECLARED_SELECTOR = YES;
				GCC_WARN_UNINITIALIZED_AUTOS = YES_AGGRESSIVE;
				GCC_WARN_UNUSED_FUNCTION = YES;
				GCC_WARN_UNUSED_VARIABLE = YES;
				IPHONEOS_DEPLOYMENT_TARGET = 14.4;
				MTL_ENABLE_DEBUG_INFO = INCLUDE_SOURCE;
				MTL_FAST_MATH = YES;
				ONLY_ACTIVE_ARCH = YES;
				SDKROOT = iphoneos;
				SWIFT_ACTIVE_COMPILATION_CONDITIONS = DEBUG;
				SWIFT_OPTIMIZATION_LEVEL = "-Onone";
			};
			name = Debug;
		};
		EFA1C81D2D2EF1A900A091C4 /* Release */ = {
			isa = XCBuildConfiguration;
			buildSettings = {
				ALWAYS_SEARCH_USER_PATHS = NO;
				CLANG_ANALYZER_NONNULL = YES;
				CLANG_ANALYZER_NUMBER_OBJECT_CONVERSION = YES_AGGRESSIVE;
				CLANG_CXX_LANGUAGE_STANDARD = "gnu++14";
				CLANG_CXX_LIBRARY = "libc++";
				CLANG_ENABLE_MODULES = YES;
				CLANG_ENABLE_OBJC_ARC = YES;
				CLANG_ENABLE_OBJC_WEAK = YES;
				CLANG_WARN_BLOCK_CAPTURE_AUTORELEASING = YES;
				CLANG_WARN_BOOL_CONVERSION = YES;
				CLANG_WARN_COMMA = YES;
				CLANG_WARN_CONSTANT_CONVERSION = YES;
				CLANG_WARN_DEPRECATED_OBJC_IMPLEMENTATIONS = YES;
				CLANG_WARN_DIRECT_OBJC_ISA_USAGE = YES_ERROR;
				CLANG_WARN_DOCUMENTATION_COMMENTS = YES;
				CLANG_WARN_EMPTY_BODY = YES;
				CLANG_WARN_ENUM_CONVERSION = YES;
				CLANG_WARN_INFINITE_RECURSION = YES;
				CLANG_WARN_INT_CONVERSION = YES;
				CLANG_WARN_NON_LITERAL_NULL_CONVERSION = YES;
				CLANG_WARN_OBJC_IMPLICIT_RETAIN_SELF = YES;
				CLANG_WARN_OBJC_LITERAL_CONVERSION = YES;
				CLANG_WARN_OBJC_ROOT_CLASS = YES_ERROR;
				CLANG_WARN_QUOTED_INCLUDE_IN_FRAMEWORK_HEADER = YES;
				CLANG_WARN_RANGE_LOOP_ANALYSIS = YES;
				CLANG_WARN_STRICT_PROTOTYPES = YES;
				CLANG_WARN_SUSPICIOUS_MOVE = YES;
				CLANG_WARN_UNGUARDED_AVAILABILITY = YES_AGGRESSIVE;
				CLANG_WARN_UNREACHABLE_CODE = YES;
				CLANG_WARN__DUPLICATE_METHOD_MATCH = YES;
				COPY_PHASE_STRIP = NO;
				DEBUG_INFORMATION_FORMAT = "dwarf-with-dsym";
				ENABLE_NS_ASSERTIONS = NO;
				ENABLE_STRICT_OBJC_MSGSEND = YES;
				GCC_C_LANGUAGE_STANDARD = gnu11;
				GCC_NO_COMMON_BLOCKS = YES;
				GCC_WARN_64_TO_32_BIT_CONVERSION = YES;
				GCC_WARN_ABOUT_RETURN_TYPE = YES_ERROR;
				GCC_WARN_UNDECLARED_SELECTOR = YES;
				GCC_WARN_UNINITIALIZED_AUTOS = YES_AGGRESSIVE;
				GCC_WARN_UNUSED_FUNCTION = YES;
				GCC_WARN_UNUSED_VARIABLE = YES;
				IPHONEOS_DEPLOYMENT_TARGET = 14.4;
				MTL_ENABLE_DEBUG_INFO = NO;
				MTL_FAST_MATH = YES;
				SDKROOT = iphoneos;
				SWIFT_COMPILATION_MODE = wholemodule;
				SWIFT_OPTIMIZATION_LEVEL = "-O";
				VALIDATE_PRODUCT = YES;
			};
			name = Release;
		};
		EFA1C81F2D2EF1A900A091C4 /* Debug */ = {
			isa = XCBuildConfiguration;
			buildSettings = {
				ASSETCATALOG_COMPILER_APPICON_NAME = AppIcon;
				ASSETCATALOG_COMPILER_GLOBAL_ACCENT_COLOR_NAME = AccentColor;
				CODE_SIGN_STYLE = Automatic;
				DEVELOPMENT_ASSET_PATHS = "\"M08_UF1_PR01_Tiago_Navaro_Sergi_Saravia_Learn4=/Preview Content\"";
				ENABLE_PREVIEWS = YES;
				INFOPLIST_FILE = "M08_UF1_PR01_Tiago_Navaro_Sergi_Saravia_Learn4=/Info.plist";
				IPHONEOS_DEPLOYMENT_TARGET = 14.0;
				LD_RUNPATH_SEARCH_PATHS = (
					"$(inherited)",
					"@executable_path/Frameworks",
				);
				PRODUCT_BUNDLE_IDENTIFIER = "lasalle.edu.M08-UF1-PR01-Tiago-Navaro-Sergi-Saravia-Learn4-";
				PRODUCT_NAME = "$(TARGET_NAME)";
				SWIFT_VERSION = 5.0;
				TARGETED_DEVICE_FAMILY = "1,2";
			};
			name = Debug;
		};
		EFA1C8202D2EF1A900A091C4 /* Release */ = {
			isa = XCBuildConfiguration;
			buildSettings = {
				ASSETCATALOG_COMPILER_APPICON_NAME = AppIcon;
				ASSETCATALOG_COMPILER_GLOBAL_ACCENT_COLOR_NAME = AccentColor;
				CODE_SIGN_STYLE = Automatic;
				DEVELOPMENT_ASSET_PATHS = "\"M08_UF1_PR01_Tiago_Navaro_Sergi_Saravia_Learn4=/Preview Content\"";
				ENABLE_PREVIEWS = YES;
				INFOPLIST_FILE = "M08_UF1_PR01_Tiago_Navaro_Sergi_Saravia_Learn4=/Info.plist";
				IPHONEOS_DEPLOYMENT_TARGET = 14.0;
				LD_RUNPATH_SEARCH_PATHS = (
					"$(inherited)",
					"@executable_path/Frameworks",
				);
				PRODUCT_BUNDLE_IDENTIFIER = "lasalle.edu.M08-UF1-PR01-Tiago-Navaro-Sergi-Saravia-Learn4-";
				PRODUCT_NAME = "$(TARGET_NAME)";
				SWIFT_VERSION = 5.0;
				TARGETED_DEVICE_FAMILY = "1,2";
			};
			name = Release;
		};
/* End XCBuildConfiguration section */

/* Begin XCConfigurationList section */
		EFA1C80A2D2EF1A700A091C4 /* Build configuration list for PBXProject "M08_UF1_PR01_Tiago_Navaro_Sergi_Saravia_Learn4=" */ = {
			isa = XCConfigurationList;
			buildConfigurations = (
				EFA1C81C2D2EF1A900A091C4 /* Debug */,
				EFA1C81D2D2EF1A900A091C4 /* Release */,
			);
			defaultConfigurationIsVisible = 0;
			defaultConfigurationName = Release;
		};
		EFA1C81E2D2EF1A900A091C4 /* Build configuration list for PBXNativeTarget "M08_UF1_PR01_Tiago_Navaro_Sergi_Saravia_Learn4=" */ = {
			isa = XCConfigurationList;
			buildConfigurations = (
				EFA1C81F2D2EF1A900A091C4 /* Debug */,
				EFA1C8202D2EF1A900A091C4 /* Release */,
			);
			defaultConfigurationIsVisible = 0;
			defaultConfigurationName = Release;
		};
/* End XCConfigurationList section */
	};
	rootObject = EFA1C8072D2EF1A700A091C4 /* Project object */;
}
